
Microsoft Visual Studio Solution File, Format Version 12.00
# Visual Studio Version 16
VisualStudioVersion = 16.0.30804.86
MinimumVisualStudioVersion = 10.0.40219.1
Project("{FAE04EC0-301F-11D3-BF4B-00C04F79EFBC}") = "Module7_TAM", "Module7_TAM\Module7_TAM.csproj", "{E1AEB09F-F203-4223-AAAD-11C99480B368}"
EndProject
Project("{FAE04EC0-301F-11D3-BF4B-00C04F79EFBC}") = "Module7_TAM_V2", "Module7_TAM_V2\Module7_TAM_V2.csproj", "{3B6091FC-38C4-450B-9FD0-6E715CE6FCDB}"
EndProject
Project("{FAE04EC0-301F-11D3-BF4B-00C04F79EFBC}") = "Module8_TAM", "Module8_TAM\Module8_TAM.csproj", "{AD4CE4AC-7509-4795-ABAC-46798DE699B6}"
EndProject
Global
	GlobalSection(SolutionConfigurationPlatforms) = preSolution
		Debug|Any CPU = Debug|Any CPU
		Release|Any CPU = Release|Any CPU
	EndGlobalSection
	GlobalSection(ProjectConfigurationPlatforms) = postSolution
		{E1AEB09F-F203-4223-AAAD-11C99480B368}.Debug|Any CPU.ActiveCfg = Debug|Any CPU
		{E1AEB09F-F203-4223-AAAD-11C99480B368}.Debug|Any CPU.Build.0 = Debug|Any CPU
		{E1AEB09F-F203-4223-AAAD-11C99480B368}.Release|Any CPU.ActiveCfg = Release|Any CPU
		{E1AEB09F-F203-4223-AAAD-11C99480B368}.Release|Any CPU.Build.0 = Release|Any CPU
		{3B6091FC-38C4-450B-9FD0-6E715CE6FCDB}.Debug|Any CPU.ActiveCfg = Debug|Any CPU
		{3B6091FC-38C4-450B-9FD0-6E715CE6FCDB}.Debug|Any CPU.Build.0 = Debug|Any CPU
		{3B6091FC-38C4-450B-9FD0-6E715CE6FCDB}.Release|Any CPU.ActiveCfg = Release|Any CPU
		{3B6091FC-38C4-450B-9FD0-6E715CE6FCDB}.Release|Any CPU.Build.0 = Release|Any CPU
		{AD4CE4AC-7509-4795-ABAC-46798DE699B6}.Debug|Any CPU.ActiveCfg = Debug|Any CPU
		{AD4CE4AC-7509-4795-ABAC-46798DE699B6}.Debug|Any CPU.Build.0 = Debug|Any CPU
		{AD4CE4AC-7509-4795-ABAC-46798DE699B6}.Release|Any CPU.ActiveCfg = Release|Any CPU
		{AD4CE4AC-7509-4795-ABAC-46798DE699B6}.Release|Any CPU.Build.0 = Release|Any CPU
	EndGlobalSection
	GlobalSection(SolutionProperties) = preSolution
		HideSolutionNode = FALSE
	EndGlobalSection
	GlobalSection(ExtensibilityGlobals) = postSolution
		SolutionGuid = {3FB14197-BC11-49A8-A7F4-8F86A502DD50}
	EndGlobalSection
EndGlobal
